
Microsoft Visual Studio Solution File, Format Version 12.00
# Visual Studio 15
VisualStudioVersion = 15.0.27703.2042
MinimumVisualStudioVersion = 10.0.40219.1
Project("{FAE04EC0-301F-11D3-BF4B-00C04F79EFBC}") = "SA47 Team11a library", "SA47 Team11a library\SA47 Team11a library.csproj", "{FE77A1FA-C21B-4159-B0AD-0EA5E674D76F}"
EndProject
Global
	GlobalSection(SolutionConfigurationPlatforms) = preSolution
		Debug|Any CPU = Debug|Any CPU
		Release|Any CPU = Release|Any CPU
	EndGlobalSection
	GlobalSection(ProjectConfigurationPlatforms) = postSolution
		{FE77A1FA-C21B-4159-B0AD-0EA5E674D76F}.Debug|Any CPU.ActiveCfg = Debug|Any CPU
		{FE77A1FA-C21B-4159-B0AD-0EA5E674D76F}.Debug|Any CPU.Build.0 = Debug|Any CPU
		{FE77A1FA-C21B-4159-B0AD-0EA5E674D76F}.Release|Any CPU.ActiveCfg = Release|Any CPU
		{FE77A1FA-C21B-4159-B0AD-0EA5E674D76F}.Release|Any CPU.Build.0 = Release|Any CPU
	EndGlobalSection
	GlobalSection(SolutionProperties) = preSolution
		HideSolutionNode = FALSE
	EndGlobalSection
	GlobalSection(ExtensibilityGlobals) = postSolution
		SolutionGuid = {FC547207-B356-4682-BFD6-885D9BD7A5AE}
	EndGlobalSection
EndGlobal
